{
  "Rules": [
    {
      "Host": "*faucet.com*",
      "Action": "Allow",
      "ProxyName": null,
      "BlockStatusCode": null,
      "Type": "Url"
    },
    {
      "Host": "*cdnjs.cloudflare.com*",
      "Action": "Allow",
      "ProxyName": null,
      "BlockStatusCode": null,
      "Type": "Url"
    },
    {
      "Host": "*gstatic*",
      "Action": "Allow",
      "ProxyName": null,
      "BlockStatusCode": null,
      "Type": "Url"
    },
    {
      "Host": "*google.com*",
      "Action": "Allow",
      "ProxyName": null,
      "BlockStatusCode": null,
      "Type": "Url"
    },
	 {
      "Host": "*solvem*",
      "Action": "Allow",
      "ProxyName": null,
      "BlockStatusCode": null,
      "Type": "Url"
    },
	{
      "Host": "*recaptcha.net*",
      "Action": "Allow",
      "ProxyName": null,
      "BlockStatusCode": null,
      "Type": "Url"
    },
    {
      "Host": "*",
      "Action": "Block",
      "ProxyName": null,
      "BlockStatusCode": null,
      "Type": "Url"
    }
  ]
}