{
  "Rules": [
    {
      "Host": "jungleofferwall.com",
      "Action": "Allow",
      "ProxyName": null,
      "BlockStatusCode": null,
      "Type": "Host"
    },
    {
      "Host": "*moretv*",
      "Action": "Allow",
      "ProxyName": null,
      "BlockStatusCode": null,
      "Type": "Url"
    },
    {
      "Host": "*cdnjs.cloudflare.com*",
      "Action": "Allow",
      "ProxyName": null,
      "BlockStatusCode": null,
      "Type": "Url"
    },
    {
      "Host": "*imasdk.googleapis.com*",
      "Action": "Allow",
      "ProxyName": null,
      "BlockStatusCode": null,
      "Type": "Url"
    },
    {
      "Host": "*gstatic*",
      "Action": "Allow",
      "ProxyName": null,
      "BlockStatusCode": null,
      "Type": "Url"
    },
    {
      "Host": "*google.com*",
      "Action": "Allow",
      "ProxyName": null,
      "BlockStatusCode": null,
      "Type": "Url"
    },
    {
      "Host": "*use.fontawesome.com*",
      "Action": "Allow",
      "ProxyName": null,
      "BlockStatusCode": null,
      "Type": "Url"
    },
    {
      "Host": "*",
      "Action": "Block",
      "ProxyName": null,
      "BlockStatusCode": null,
      "Type": "Url"
    }
  ]
}