{"Rules":[{"Host":"*/get-subscription.html*","Action":"Block","ProxyName":null,"BlockStatusCode":null,"Type":"Url"},{"Host":"*xvideo.js*","Action":"Block","ProxyName":null,"BlockStatusCode":null,"Type":"Url"},{"Host":"*gereviousp*","Action":"Block","ProxyName":null,"BlockStatusCode":null,"Type":"Url"},{"Host":"*run-syndicate.com*","Action":"Block","ProxyName":null,"BlockStatusCode":null,"Type":"Url"},{"Host":"*j9j6l.top*","Action":"Block","ProxyName":null,"BlockStatusCode":null,"Type":"Url"},{"Host":"*pvclouds.com*","Action":"Block","ProxyName":null,"BlockStatusCode":null,"Type":"Url"},{"Host":"*czilladx.com*","Action":"Block","ProxyName":null,"BlockStatusCode":null,"Type":"Url"},{"Host":"*popunder*","Action":"Block","ProxyName":null,"BlockStatusCode":null,"Type":"Url"},{"Host":"*bitraffic.com*","Action":"Block","ProxyName":null,"BlockStatusCode":null,"Type":"Url"},{"Host":"*coinzilla*","Action":"Block","ProxyName":null,"BlockStatusCode":null,"Type":"Url"}]}