{"Rules":[{"Host":"*adbtc*","Action":"Allow","ProxyName":null,"BlockStatusCode":null,"Type":"Url"},{"Host":"*chatango*","Action":"Allow","ProxyName":null,"BlockStatusCode":null,"Type":"Url"},{"Host":"*google*","Action":"Allow","ProxyName":null,"BlockStatusCode":null,"Type":"Url"},{"Host":"*youtube.com*","Action":"Allow","ProxyName":null,"BlockStatusCode":null,"Type":"Url"},{"Host":"*jquery.com*","Action":"Allow","ProxyName":null,"BlockStatusCode":null,"Type":"Url"},{"Host":"*cloudflare*","Action":"Allow","ProxyName":null,"BlockStatusCode":null,"Type":"Url"},{"Host":"*st-n.tckn-code.com*","Action":"Allow","ProxyName":null,"BlockStatusCode":null,"Type":"Url"},{"Host":"*gstatic*","Action":"Allow","ProxyName":null,"BlockStatusCode":null,"Type":"Url"},{"Host":"*","Action":"Block","ProxyName":null,"BlockStatusCode":null,"Type":"Host"}]}