{"Rules":[{"Host":"*reportadblock.php*","Action":"Allow","ProxyName":null,"BlockStatusCode":null,"Type":"Url"},{"Host":"*js/ads.js*","Action":"Allow","ProxyName":null,"BlockStatusCode":null,"Type":"Url"},{"Host":"*ad.bitmedia.io*","Action":"Block","ProxyName":null,"BlockStatusCode":null,"Type":"Url"},{"Host":"*bitcoinsfor.me/app_js/ads.js*","Action":"Allow","ProxyName":null,"BlockStatusCode":null,"Type":"Url"},{"Host":"*bitcoinsfor.me/images/ads.jpg*","Action":"Allow","ProxyName":null,"BlockStatusCode":null,"Type":"Url"},{"Host":"*ad*","Action":"Block","ProxyName":null,"BlockStatusCode":null,"Type":"Url"}]}